
Microsoft Visual Studio Solution File, Format Version 12.00
# Visual Studio 14
VisualStudioVersion = 14.0.23107.0
MinimumVisualStudioVersion = 10.0.40219.1
Project("{F2A71F9B-5D33-465A-A702-920D77279786}") = "Active.Net.Data", "Active.Net.Data.fsproj", "{FBCA66AD-819B-4A00-BE3B-6A8A0BD7B64D}"
EndProject
Global
	GlobalSection(SolutionConfigurationPlatforms) = preSolution
		Debug|Any CPU = Debug|Any CPU
		Release|Any CPU = Release|Any CPU
	EndGlobalSection
	GlobalSection(ProjectConfigurationPlatforms) = postSolution
		{FBCA66AD-819B-4A00-BE3B-6A8A0BD7B64D}.Debug|Any CPU.ActiveCfg = Debug|Any CPU
		{FBCA66AD-819B-4A00-BE3B-6A8A0BD7B64D}.Debug|Any CPU.Build.0 = Debug|Any CPU
		{FBCA66AD-819B-4A00-BE3B-6A8A0BD7B64D}.Release|Any CPU.ActiveCfg = Release|Any CPU
		{FBCA66AD-819B-4A00-BE3B-6A8A0BD7B64D}.Release|Any CPU.Build.0 = Release|Any CPU
	EndGlobalSection
	GlobalSection(SolutionProperties) = preSolution
		HideSolutionNode = FALSE
	EndGlobalSection
EndGlobal
